// !$*UTF8*$!
{
	archiveVersion = 1;
	classes = {
	};
	objectVersion = 46;
	objects = {

/* Begin PBXBuildFile section */
		047C06A51B06830800360F75 /* main.m in Sources */ = {isa = PBXBuildFile; fileRef = 047C06A41B06830800360F75 /* main.m */; };
		047C06A81B06830800360F75 /* AppDelegate.m in Sources */ = {isa = PBXBuildFile; fileRef = 047C06A71B06830800360F75 /* AppDelegate.m */; };
		047C06AB1B06830800360F75 /* ViewController.m in Sources */ = {isa = PBXBuildFile; fileRef = 047C06AA1B06830800360F75 /* ViewController.m */; };
		047C06AE1B06830800360F75 /* Main.storyboard in Resources */ = {isa = PBXBuildFile; fileRef = 047C06AC1B06830800360F75 /* Main.storyboard */; };
		047C06B01B06830800360F75 /* Images.xcassets in Resources */ = {isa = PBXBuildFile; fileRef = 047C06AF1B06830800360F75 /* Images.xcassets */; };
		047C06B31B06830800360F75 /* LaunchScreen.xib in Resources */ = {isa = PBXBuildFile; fileRef = 047C06B11B06830800360F75 /* LaunchScreen.xib */; };
		047C06BF1B06830800360F75 /* ManualInstallationTestTests.m in Sources */ = {isa = PBXBuildFile; fileRef = 047C06BE1B06830800360F75 /* ManualInstallationTestTests.m */; };
		047C06CD1B068D0200360F75 /* Stripe.framework in Frameworks */ = {isa = PBXBuildFile; fileRef = 047C06CC1B068D0200360F75 /* Stripe.framework */; };
		C1B630DF1D1D88CF00A05285 /* TestImageLoader.m in Sources */ = {isa = PBXBuildFile; fileRef = C1B630DE1D1D88CF00A05285 /* TestImageLoader.m */; };
		C1E56F4C1D21C18200F85011 /* Stripe.bundle in Resources */ = {isa = PBXBuildFile; fileRef = C1E56F4B1D21C18200F85011 /* Stripe.bundle */; };
/* End PBXBuildFile section */

/* Begin PBXContainerItemProxy section */
		047C06B91B06830800360F75 /* PBXContainerItemProxy */ = {
			isa = PBXContainerItemProxy;
			containerPortal = 047C06971B06830800360F75 /* Project object */;
			proxyType = 1;
			remoteGlobalIDString = 047C069E1B06830800360F75;
			remoteInfo = ManualInstallationTest;
		};
/* End PBXContainerItemProxy section */

/* Begin PBXFileReference section */
		047C069F1B06830800360F75 /* ManualInstallationTest.app */ = {isa = PBXFileReference; explicitFileType = wrapper.application; includeInIndex = 0; path = ManualInstallationTest.app; sourceTree = BUILT_PRODUCTS_DIR; };
		047C06A31B06830800360F75 /* Info.plist */ = {isa = PBXFileReference; lastKnownFileType = text.plist.xml; path = Info.plist; sourceTree = "<group>"; };
		047C06A41B06830800360F75 /* main.m */ = {isa = PBXFileReference; lastKnownFileType = sourcecode.c.objc; path = main.m; sourceTree = "<group>"; };
		047C06A61B06830800360F75 /* AppDelegate.h */ = {isa = PBXFileReference; lastKnownFileType = sourcecode.c.h; path = AppDelegate.h; sourceTree = "<group>"; };
		047C06A71B06830800360F75 /* AppDelegate.m */ = {isa = PBXFileReference; lastKnownFileType = sourcecode.c.objc; path = AppDelegate.m; sourceTree = "<group>"; };
		047C06A91B06830800360F75 /* ViewController.h */ = {isa = PBXFileReference; lastKnownFileType = sourcecode.c.h; path = ViewController.h; sourceTree = "<group>"; };
		047C06AA1B06830800360F75 /* ViewController.m */ = {isa = PBXFileReference; lastKnownFileType = sourcecode.c.objc; path = ViewController.m; sourceTree = "<group>"; };
		047C06AD1B06830800360F75 /* Base */ = {isa = PBXFileReference; lastKnownFileType = file.storyboard; name = Base; path = Base.lproj/Main.storyboard; sourceTree = "<group>"; };
		047C06AF1B06830800360F75 /* Images.xcassets */ = {isa = PBXFileReference; lastKnownFileType = folder.assetcatalog; path = Images.xcassets; sourceTree = "<group>"; };
		047C06B21B06830800360F75 /* Base */ = {isa = PBXFileReference; lastKnownFileType = file.xib; name = Base; path = Base.lproj/LaunchScreen.xib; sourceTree = "<group>"; };
		047C06B81B06830800360F75 /* ManualInstallationTestTests.xctest */ = {isa = PBXFileReference; explicitFileType = wrapper.cfbundle; includeInIndex = 0; path = ManualInstallationTestTests.xctest; sourceTree = BUILT_PRODUCTS_DIR; };
		047C06BD1B06830800360F75 /* Info.plist */ = {isa = PBXFileReference; lastKnownFileType = text.plist.xml; path = Info.plist; sourceTree = "<group>"; };
		047C06BE1B06830800360F75 /* ManualInstallationTestTests.m */ = {isa = PBXFileReference; lastKnownFileType = sourcecode.c.objc; path = ManualInstallationTestTests.m; sourceTree = "<group>"; };
		047C06CC1B068D0200360F75 /* Stripe.framework */ = {isa = PBXFileReference; lastKnownFileType = wrapper.framework; name = Stripe.framework; path = ManualInstallationTest/Frameworks/Stripe.framework; sourceTree = "<group>"; };
		C1B630DD1D1D88CF00A05285 /* TestImageLoader.h */ = {isa = PBXFileReference; fileEncoding = 4; lastKnownFileType = sourcecode.c.h; path = TestImageLoader.h; sourceTree = "<group>"; };
		C1B630DE1D1D88CF00A05285 /* TestImageLoader.m */ = {isa = PBXFileReference; fileEncoding = 4; lastKnownFileType = sourcecode.c.objc; path = TestImageLoader.m; sourceTree = "<group>"; };
		C1E56F4B1D21C18200F85011 /* Stripe.bundle */ = {isa = PBXFileReference; lastKnownFileType = "wrapper.plug-in"; name = Stripe.bundle; path = ManualInstallationTest/Frameworks/Stripe.framework/Stripe.bundle; sourceTree = "<group>"; };
/* End PBXFileReference section */

/* Begin PBXFrameworksBuildPhase section */
		047C069C1B06830800360F75 /* Frameworks */ = {
			isa = PBXFrameworksBuildPhase;
			buildActionMask = 2147483647;
			files = (
				047C06CD1B068D0200360F75 /* Stripe.framework in Frameworks */,
			);
			runOnlyForDeploymentPostprocessing = 0;
		};
		047C06B51B06830800360F75 /* Frameworks */ = {
			isa = PBXFrameworksBuildPhase;
			buildActionMask = 2147483647;
			files = (
			);
			runOnlyForDeploymentPostprocessing = 0;
		};
/* End PBXFrameworksBuildPhase section */

/* Begin PBXGroup section */
		047C06961B06830800360F75 = {
			isa = PBXGroup;
			children = (
				C1E56F4B1D21C18200F85011 /* Stripe.bundle */,
				047C06CC1B068D0200360F75 /* Stripe.framework */,
				047C06A11B06830800360F75 /* ManualInstallationTest */,
				047C06BB1B06830800360F75 /* ManualInstallationTestTests */,
				047C06A01B06830800360F75 /* Products */,
			);
			sourceTree = "<group>";
		};
		047C06A01B06830800360F75 /* Products */ = {
			isa = PBXGroup;
			children = (
				047C069F1B06830800360F75 /* ManualInstallationTest.app */,
				047C06B81B06830800360F75 /* ManualInstallationTestTests.xctest */,
			);
			name = Products;
			sourceTree = "<group>";
		};
		047C06A11B06830800360F75 /* ManualInstallationTest */ = {
			isa = PBXGroup;
			children = (
				047C06A61B06830800360F75 /* AppDelegate.h */,
				047C06A71B06830800360F75 /* AppDelegate.m */,
				047C06A91B06830800360F75 /* ViewController.h */,
				047C06AA1B06830800360F75 /* ViewController.m */,
				C1B630DD1D1D88CF00A05285 /* TestImageLoader.h */,
				C1B630DE1D1D88CF00A05285 /* TestImageLoader.m */,
				047C06AC1B06830800360F75 /* Main.storyboard */,
				047C06AF1B06830800360F75 /* Images.xcassets */,
				047C06B11B06830800360F75 /* LaunchScreen.xib */,
				047C06A21B06830800360F75 /* Supporting Files */,
			);
			path = ManualInstallationTest;
			sourceTree = "<group>";
		};
		047C06A21B06830800360F75 /* Supporting Files */ = {
			isa = PBXGroup;
			children = (
				047C06A31B06830800360F75 /* Info.plist */,
				047C06A41B06830800360F75 /* main.m */,
			);
			name = "Supporting Files";
			sourceTree = "<group>";
		};
		047C06BB1B06830800360F75 /* ManualInstallationTestTests */ = {
			isa = PBXGroup;
			children = (
				047C06BE1B06830800360F75 /* ManualInstallationTestTests.m */,
				047C06BC1B06830800360F75 /* Supporting Files */,
			);
			path = ManualInstallationTestTests;
			sourceTree = "<group>";
		};
		047C06BC1B06830800360F75 /* Supporting Files */ = {
			isa = PBXGroup;
			children = (
				047C06BD1B06830800360F75 /* Info.plist */,
			);
			name = "Supporting Files";
			sourceTree = "<group>";
		};
/* End PBXGroup section */

/* Begin PBXNativeTarget section */
		047C069E1B06830800360F75 /* ManualInstallationTest */ = {
			isa = PBXNativeTarget;
			buildConfigurationList = 047C06C21B06830800360F75 /* Build configuration list for PBXNativeTarget "ManualInstallationTest" */;
			buildPhases = (
				047C069B1B06830800360F75 /* Sources */,
				047C069C1B06830800360F75 /* Frameworks */,
				047C069D1B06830800360F75 /* Resources */,
			);
			buildRules = (
			);
			dependencies = (
			);
			name = ManualInstallationTest;
			productName = ManualInstallationTest;
			productReference = 047C069F1B06830800360F75 /* ManualInstallationTest.app */;
			productType = "com.apple.product-type.application";
		};
		047C06B71B06830800360F75 /* ManualInstallationTestTests */ = {
			isa = PBXNativeTarget;
			buildConfigurationList = 047C06C51B06830800360F75 /* Build configuration list for PBXNativeTarget "ManualInstallationTestTests" */;
			buildPhases = (
				047C06B41B06830800360F75 /* Sources */,
				047C06B51B06830800360F75 /* Frameworks */,
				047C06B61B06830800360F75 /* Resources */,
			);
			buildRules = (
			);
			dependencies = (
				047C06BA1B06830800360F75 /* PBXTargetDependency */,
			);
			name = ManualInstallationTestTests;
			productName = ManualInstallationTestTests;
			productReference = 047C06B81B06830800360F75 /* ManualInstallationTestTests.xctest */;
			productType = "com.apple.product-type.bundle.unit-test";
		};
/* End PBXNativeTarget section */

/* Begin PBXProject section */
		047C06971B06830800360F75 /* Project object */ = {
			isa = PBXProject;
			attributes = {
				LastUpgradeCheck = 0800;
				ORGANIZATIONNAME = stripe;
				TargetAttributes = {
					047C069E1B06830800360F75 = {
						CreatedOnToolsVersion = 6.3;
					};
					047C06B71B06830800360F75 = {
						CreatedOnToolsVersion = 6.3;
						TestTargetID = 047C069E1B06830800360F75;
					};
				};
			};
			buildConfigurationList = 047C069A1B06830800360F75 /* Build configuration list for PBXProject "ManualInstallationTest" */;
			compatibilityVersion = "Xcode 3.2";
			developmentRegion = English;
			hasScannedForEncodings = 0;
			knownRegions = (
				en,
				Base,
			);
			mainGroup = 047C06961B06830800360F75;
			productRefGroup = 047C06A01B06830800360F75 /* Products */;
			projectDirPath = "";
			projectRoot = "";
			targets = (
				047C069E1B06830800360F75 /* ManualInstallationTest */,
				047C06B71B06830800360F75 /* ManualInstallationTestTests */,
			);
		};
/* End PBXProject section */

/* Begin PBXResourcesBuildPhase section */
		047C069D1B06830800360F75 /* Resources */ = {
			isa = PBXResourcesBuildPhase;
			buildActionMask = 2147483647;
			files = (
				C1E56F4C1D21C18200F85011 /* Stripe.bundle in Resources */,
				047C06AE1B06830800360F75 /* Main.storyboard in Resources */,
				047C06B31B06830800360F75 /* LaunchScreen.xib in Resources */,
				047C06B01B06830800360F75 /* Images.xcassets in Resources */,
			);
			runOnlyForDeploymentPostprocessing = 0;
		};
		047C06B61B06830800360F75 /* Resources */ = {
			isa = PBXResourcesBuildPhase;
			buildActionMask = 2147483647;
			files = (
			);
			runOnlyForDeploymentPostprocessing = 0;
		};
/* End PBXResourcesBuildPhase section */

/* Begin PBXSourcesBuildPhase section */
		047C069B1B06830800360F75 /* Sources */ = {
			isa = PBXSourcesBuildPhase;
			buildActionMask = 2147483647;
			files = (
				047C06AB1B06830800360F75 /* ViewController.m in Sources */,
				047C06A81B06830800360F75 /* AppDelegate.m in Sources */,
				C1B630DF1D1D88CF00A05285 /* TestImageLoader.m in Sources */,
				047C06A51B06830800360F75 /* main.m in Sources */,
			);
			runOnlyForDeploymentPostprocessing = 0;
		};
		047C06B41B06830800360F75 /* Sources */ = {
			isa = PBXSourcesBuildPhase;
			buildActionMask = 2147483647;
			files = (
				047C06BF1B06830800360F75 /* ManualInstallationTestTests.m in Sources */,
			);
			runOnlyForDeploymentPostprocessing = 0;
		};
/* End PBXSourcesBuildPhase section */

/* Begin PBXTargetDependency section */
		047C06BA1B06830800360F75 /* PBXTargetDependency */ = {
			isa = PBXTargetDependency;
			target = 047C069E1B06830800360F75 /* ManualInstallationTest */;
			targetProxy = 047C06B91B06830800360F75 /* PBXContainerItemProxy */;
		};
/* End PBXTargetDependency section */

/* Begin PBXVariantGroup section */
		047C06AC1B06830800360F75 /* Main.storyboard */ = {
			isa = PBXVariantGroup;
			children = (
				047C06AD1B06830800360F75 /* Base */,
			);
			name = Main.storyboard;
			sourceTree = "<group>";
		};
		047C06B11B06830800360F75 /* LaunchScreen.xib */ = {
			isa = PBXVariantGroup;
			children = (
				047C06B21B06830800360F75 /* Base */,
			);
			name = LaunchScreen.xib;
			sourceTree = "<group>";
		};
/* End PBXVariantGroup section */

/* Begin XCBuildConfiguration section */
		047C06C01B06830800360F75 /* Debug */ = {
			isa = XCBuildConfiguration;
			buildSettings = {
				ALWAYS_SEARCH_USER_PATHS = NO;
				CLANG_CXX_LANGUAGE_STANDARD = "gnu++0x";
				CLANG_CXX_LIBRARY = "libc++";
				CLANG_ENABLE_MODULES = YES;
				CLANG_ENABLE_OBJC_ARC = YES;
				CLANG_WARN_BOOL_CONVERSION = YES;
				CLANG_WARN_CONSTANT_CONVERSION = YES;
				CLANG_WARN_DIRECT_OBJC_ISA_USAGE = YES_ERROR;
				CLANG_WARN_EMPTY_BODY = YES;
				CLANG_WARN_ENUM_CONVERSION = YES;
				CLANG_WARN_INFINITE_RECURSION = YES;
				CLANG_WARN_INT_CONVERSION = YES;
				CLANG_WARN_OBJC_ROOT_CLASS = YES_ERROR;
				CLANG_WARN_SUSPICIOUS_MOVE = YES;
				CLANG_WARN_UNREACHABLE_CODE = YES;
				CLANG_WARN__DUPLICATE_METHOD_MATCH = YES;
				"CODE_SIGN_IDENTITY[sdk=iphoneos*]" = "iPhone Developer";
				COPY_PHASE_STRIP = NO;
				DEBUG_INFORMATION_FORMAT = "dwarf-with-dsym";
				ENABLE_STRICT_OBJC_MSGSEND = YES;
				ENABLE_TESTABILITY = YES;
				GCC_C_LANGUAGE_STANDARD = gnu99;
				GCC_DYNAMIC_NO_PIC = NO;
				GCC_NO_COMMON_BLOCKS = YES;
				GCC_OPTIMIZATION_LEVEL = 0;
				GCC_PREPROCESSOR_DEFINITIONS = (
					"DEBUG=1",
					"$(inherited)",
				);
				GCC_SYMBOLS_PRIVATE_EXTERN = NO;
				GCC_WARN_64_TO_32_BIT_CONVERSION = YES;
				GCC_WARN_ABOUT_RETURN_TYPE = YES_ERROR;
				GCC_WARN_UNDECLARED_SELECTOR = YES;
				GCC_WARN_UNINITIALIZED_AUTOS = YES_AGGRESSIVE;
				GCC_WARN_UNUSED_FUNCTION = YES;
				GCC_WARN_UNUSED_VARIABLE = YES;
				IPHONEOS_DEPLOYMENT_TARGET = 11.0;
				MTL_ENABLE_DEBUG_INFO = YES;
				ONLY_ACTIVE_ARCH = YES;
				SDKROOT = iphoneos;
			};
			name = Debug;
		};
		047C06C11B06830800360F75 /* Release */ = {
			isa = XCBuildConfiguration;
			buildSettings = {
				ALWAYS_SEARCH_USER_PATHS = NO;
				CLANG_CXX_LANGUAGE_STANDARD = "gnu++0x";
				CLANG_CXX_LIBRARY = "libc++";
				CLANG_ENABLE_MODULES = YES;
				CLANG_ENABLE_OBJC_ARC = YES;
				CLANG_WARN_BOOL_CONVERSION = YES;
				CLANG_WARN_CONSTANT_CONVERSION = YES;
				CLANG_WARN_DIRECT_OBJC_ISA_USAGE = YES_ERROR;
				CLANG_WARN_EMPTY_BODY = YES;
				CLANG_WARN_ENUM_CONVERSION = YES;
				CLANG_WARN_INFINITE_RECURSION = YES;
				CLANG_WARN_INT_CONVERSION = YES;
				CLANG_WARN_OBJC_ROOT_CLASS = YES_ERROR;
				CLANG_WARN_SUSPICIOUS_MOVE = YES;
				CLANG_WARN_UNREACHABLE_CODE = YES;
				CLANG_WARN__DUPLICATE_METHOD_MATCH = YES;
				"CODE_SIGN_IDENTITY[sdk=iphoneos*]" = "iPhone Developer";
				COPY_PHASE_STRIP = NO;
				DEBUG_INFORMATION_FORMAT = "dwarf-with-dsym";
				ENABLE_NS_ASSERTIONS = NO;
				ENABLE_STRICT_OBJC_MSGSEND = YES;
				GCC_C_LANGUAGE_STANDARD = gnu99;
				GCC_NO_COMMON_BLOCKS = YES;
				GCC_WARN_64_TO_32_BIT_CONVERSION = YES;
				GCC_WARN_ABOUT_RETURN_TYPE = YES_ERROR;
				GCC_WARN_UNDECLARED_SELECTOR = YES;
				GCC_WARN_UNINITIALIZED_AUTOS = YES_AGGRESSIVE;
				GCC_WARN_UNUSED_FUNCTION = YES;
				GCC_WARN_UNUSED_VARIABLE = YES;
				IPHONEOS_DEPLOYMENT_TARGET = 11.0;
				MTL_ENABLE_DEBUG_INFO = NO;
				SDKROOT = iphoneos;
				VALIDATE_PRODUCT = YES;
			};
			name = Release;
		};
		047C06C31B06830800360F75 /* Debug */ = {
			isa = XCBuildConfiguration;
			buildSettings = {
				ASSETCATALOG_COMPILER_APPICON_NAME = AppIcon;
				FRAMEWORK_SEARCH_PATHS = (
					"$(inherited)",
					"$(PROJECT_DIR)/ManualInstallationTest/Frameworks",
				);
				INFOPLIST_FILE = ManualInstallationTest/Info.plist;
				LD_RUNPATH_SEARCH_PATHS = "$(inherited) @executable_path/Frameworks";
				PRODUCT_BUNDLE_IDENTIFIER = "com.stripe.$(PRODUCT_NAME:rfc1034identifier)";
				PRODUCT_NAME = "$(TARGET_NAME)";
			};
			name = Debug;
		};
		047C06C41B06830800360F75 /* Release */ = {
			isa = XCBuildConfiguration;
			buildSettings = {
				ASSETCATALOG_COMPILER_APPICON_NAME = AppIcon;
				FRAMEWORK_SEARCH_PATHS = (
					"$(inherited)",
					"$(PROJECT_DIR)/ManualInstallationTest/Frameworks",
				);
				INFOPLIST_FILE = ManualInstallationTest/Info.plist;
				LD_RUNPATH_SEARCH_PATHS = "$(inherited) @executable_path/Frameworks";
				PRODUCT_BUNDLE_IDENTIFIER = "com.stripe.$(PRODUCT_NAME:rfc1034identifier)";
				PRODUCT_NAME = "$(TARGET_NAME)";
			};
			name = Release;
		};
		047C06C61B06830800360F75 /* Debug */ = {
			isa = XCBuildConfiguration;
			buildSettings = {
				BUNDLE_LOADER = "$(TEST_HOST)";
				FRAMEWORK_SEARCH_PATHS = (
					"$(SDKROOT)/Developer/Library/Frameworks",
					"$(inherited)",
				);
				GCC_PREPROCESSOR_DEFINITIONS = (
					"DEBUG=1",
					"$(inherited)",
				);
				INFOPLIST_FILE = ManualInstallationTestTests/Info.plist;
				LD_RUNPATH_SEARCH_PATHS = "$(inherited) @executable_path/Frameworks @loader_path/Frameworks";
				PRODUCT_BUNDLE_IDENTIFIER = "com.stripe.$(PRODUCT_NAME:rfc1034identifier)";
				PRODUCT_NAME = "$(TARGET_NAME)";
				TEST_HOST = "$(BUILT_PRODUCTS_DIR)/ManualInstallationTest.app/ManualInstallationTest";
			};
			name = Debug;
		};
		047C06C71B06830800360F75 /* Release */ = {
			isa = XCBuildConfiguration;
			buildSettings = {
				BUNDLE_LOADER = "$(TEST_HOST)";
				FRAMEWORK_SEARCH_PATHS = (
					"$(SDKROOT)/Developer/Library/Frameworks",
					"$(inherited)",
				);
				INFOPLIST_FILE = ManualInstallationTestTests/Info.plist;
				LD_RUNPATH_SEARCH_PATHS = "$(inherited) @executable_path/Frameworks @loader_path/Frameworks";
				PRODUCT_BUNDLE_IDENTIFIER = "com.stripe.$(PRODUCT_NAME:rfc1034identifier)";
				PRODUCT_NAME = "$(TARGET_NAME)";
				TEST_HOST = "$(BUILT_PRODUCTS_DIR)/ManualInstallationTest.app/ManualInstallationTest";
			};
			name = Release;
		};
/* End XCBuildConfiguration section */

/* Begin XCConfigurationList section */
		047C069A1B06830800360F75 /* Build configuration list for PBXProject "ManualInstallationTest" */ = {
			isa = XCConfigurationList;
			buildConfigurations = (
				047C06C01B06830800360F75 /* Debug */,
				047C06C11B06830800360F75 /* Release */,
			);
			defaultConfigurationIsVisible = 0;
			defaultConfigurationName = Release;
		};
		047C06C21B06830800360F75 /* Build configuration list for PBXNativeTarget "ManualInstallationTest" */ = {
			isa = XCConfigurationList;
			buildConfigurations = (
				047C06C31B06830800360F75 /* Debug */,
				047C06C41B06830800360F75 /* Release */,
			);
			defaultConfigurationIsVisible = 0;
			defaultConfigurationName = Release;
		};
		047C06C51B06830800360F75 /* Build configuration list for PBXNativeTarget "ManualInstallationTestTests" */ = {
			isa = XCConfigurationList;
			buildConfigurations = (
				047C06C61B06830800360F75 /* Debug */,
				047C06C71B06830800360F75 /* Release */,
			);
			defaultConfigurationIsVisible = 0;
			defaultConfigurationName = Release;
		};
/* End XCConfigurationList section */
	};
	rootObject = 047C06971B06830800360F75 /* Project object */;
}
