// !$*UTF8*$!
{
	archiveVersion = 1;
	classes = {
	};
	objectVersion = 77;
	objects = {

/* Begin PBXBuildFile section */
		3D136BC62EB4493500186DA1 /* StripeIssuing.framework in Frameworks */ = {isa = PBXBuildFile; fileRef = 3D136BBA2EB4493500186DA1 /* StripeIssuing.framework */; };
		3D136BE22EB4494900186DA1 /* StripeiOS Tests-Shared.xcconfig in Resources */ = {isa = PBXBuildFile; fileRef = 3D136BDC2EB4494900186DA1 /* StripeiOS Tests-Shared.xcconfig */; };
		3D136BE32EB4494900186DA1 /* StripeiOS Tests-Debug.xcconfig in Resources */ = {isa = PBXBuildFile; fileRef = 3D136BDA2EB4494900186DA1 /* StripeiOS Tests-Debug.xcconfig */; };
		3D136BE42EB4494900186DA1 /* Project-Debug.xcconfig in Resources */ = {isa = PBXBuildFile; fileRef = 3D136BD72EB4494900186DA1 /* Project-Debug.xcconfig */; };
		3D136BE52EB4494900186DA1 /* StripeiOS-Shared.xcconfig in Resources */ = {isa = PBXBuildFile; fileRef = 3D136BDF2EB4494900186DA1 /* StripeiOS-Shared.xcconfig */; };
		3D136BE62EB4494900186DA1 /* Project-Release.xcconfig in Resources */ = {isa = PBXBuildFile; fileRef = 3D136BD82EB4494900186DA1 /* Project-Release.xcconfig */; };
		3D136BE72EB4494900186DA1 /* StripeiOS-Release.xcconfig in Resources */ = {isa = PBXBuildFile; fileRef = 3D136BDE2EB4494900186DA1 /* StripeiOS-Release.xcconfig */; };
		3D136BE82EB4494900186DA1 /* StripeiOS-Debug.xcconfig in Resources */ = {isa = PBXBuildFile; fileRef = 3D136BDD2EB4494900186DA1 /* StripeiOS-Debug.xcconfig */; };
		3D136BE92EB4494900186DA1 /* StripeiOS Tests-Release.xcconfig in Resources */ = {isa = PBXBuildFile; fileRef = 3D136BDB2EB4494900186DA1 /* StripeiOS Tests-Release.xcconfig */; };
		3D136BEA2EB4494900186DA1 /* Version.xcconfig in Resources */ = {isa = PBXBuildFile; fileRef = 3D136BE02EB4494900186DA1 /* Version.xcconfig */; };
		3D136BEB2EB4494900186DA1 /* Project-Shared.xcconfig in Resources */ = {isa = PBXBuildFile; fileRef = 3D136BD92EB4494900186DA1 /* Project-Shared.xcconfig */; };
		A2C357112EF33DEA00BE7824 /* StripeCore.framework in Frameworks */ = {isa = PBXBuildFile; fileRef = A2C3570D2EF33DEA00BE7824 /* StripeCore.framework */; };
		A2C357132EF33DEA00BE7824 /* StripePayments.framework in Frameworks */ = {isa = PBXBuildFile; fileRef = A2C3570E2EF33DEA00BE7824 /* StripePayments.framework */; };
		A2C357152EF33DEA00BE7824 /* StripePaymentsUI.framework in Frameworks */ = {isa = PBXBuildFile; fileRef = A2C3570F2EF33DEA00BE7824 /* StripePaymentsUI.framework */; };
		A2C357292EF35CE700BE7824 /* StripeCoreTestUtils.framework in Frameworks */ = {isa = PBXBuildFile; fileRef = A2C357282EF35CE700BE7824 /* StripeCoreTestUtils.framework */; };
		A2C3572D2EF35D7500BE7824 /* XCTest.framework in Frameworks */ = {isa = PBXBuildFile; fileRef = A2C3572C2EF35D7500BE7824 /* XCTest.framework */; platformFilter = ios; };
		A2C3572E2EF35D7500BE7824 /* XCTest.framework in Embed Frameworks */ = {isa = PBXBuildFile; fileRef = A2C3572C2EF35D7500BE7824 /* XCTest.framework */; settings = {ATTRIBUTES = (CodeSignOnCopy, RemoveHeadersOnCopy, ); }; };
		A2C357312EF35FEC00BE7824 /* StripePaymentsObjcTestUtils.framework in Frameworks */ = {isa = PBXBuildFile; fileRef = A2C357302EF35FEC00BE7824 /* StripePaymentsObjcTestUtils.framework */; };
		A2C357322EF35FEC00BE7824 /* StripePaymentsObjcTestUtils.framework in Embed Frameworks */ = {isa = PBXBuildFile; fileRef = A2C357302EF35FEC00BE7824 /* StripePaymentsObjcTestUtils.framework */; settings = {ATTRIBUTES = (CodeSignOnCopy, RemoveHeadersOnCopy, ); }; };
		A2C357382EF3616600BE7824 /* StripeCore.framework in Frameworks */ = {isa = PBXBuildFile; fileRef = A2C357372EF3616600BE7824 /* StripeCore.framework */; };
		A2C357392EF3616600BE7824 /* StripeCore.framework in Embed Frameworks */ = {isa = PBXBuildFile; fileRef = A2C357372EF3616600BE7824 /* StripeCore.framework */; settings = {ATTRIBUTES = (CodeSignOnCopy, RemoveHeadersOnCopy, ); }; };
/* End PBXBuildFile section */

/* Begin PBXContainerItemProxy section */
		3D136BC72EB4493500186DA1 /* PBXContainerItemProxy */ = {
			isa = PBXContainerItemProxy;
			containerPortal = 3D136BB12EB4493500186DA1 /* Project object */;
			proxyType = 1;
			remoteGlobalIDString = 3D136BB92EB4493500186DA1;
			remoteInfo = StripeIssuing;
		};
/* End PBXContainerItemProxy section */

/* Begin PBXCopyFilesBuildPhase section */
		A2C3572F2EF35D7500BE7824 /* Embed Frameworks */ = {
			isa = PBXCopyFilesBuildPhase;
			buildActionMask = 2147483647;
			dstPath = "";
			dstSubfolderSpec = 10;
			files = (
				A2C357322EF35FEC00BE7824 /* StripePaymentsObjcTestUtils.framework in Embed Frameworks */,
				A2C357392EF3616600BE7824 /* StripeCore.framework in Embed Frameworks */,
				A2C3572E2EF35D7500BE7824 /* XCTest.framework in Embed Frameworks */,
			);
			name = "Embed Frameworks";
			runOnlyForDeploymentPostprocessing = 0;
		};
/* End PBXCopyFilesBuildPhase section */

/* Begin PBXFileReference section */
		315E63692EE8F1C70003E9D1 /* StripeIssuingTests.xctestplan */ = {isa = PBXFileReference; lastKnownFileType = text; path = StripeIssuingTests.xctestplan; sourceTree = "<group>"; };
		3D136BBA2EB4493500186DA1 /* StripeIssuing.framework */ = {isa = PBXFileReference; explicitFileType = wrapper.framework; includeInIndex = 0; path = StripeIssuing.framework; sourceTree = BUILT_PRODUCTS_DIR; };
		3D136BC52EB4493500186DA1 /* StripeIssuingTests.xctest */ = {isa = PBXFileReference; explicitFileType = wrapper.cfbundle; includeInIndex = 0; path = StripeIssuingTests.xctest; sourceTree = BUILT_PRODUCTS_DIR; };
		3D136BD72EB4494900186DA1 /* Project-Debug.xcconfig */ = {isa = PBXFileReference; lastKnownFileType = text.xcconfig; path = "Project-Debug.xcconfig"; sourceTree = "<group>"; };
		3D136BD82EB4494900186DA1 /* Project-Release.xcconfig */ = {isa = PBXFileReference; lastKnownFileType = text.xcconfig; path = "Project-Release.xcconfig"; sourceTree = "<group>"; };
		3D136BD92EB4494900186DA1 /* Project-Shared.xcconfig */ = {isa = PBXFileReference; lastKnownFileType = text.xcconfig; path = "Project-Shared.xcconfig"; sourceTree = "<group>"; };
		3D136BDA2EB4494900186DA1 /* StripeiOS Tests-Debug.xcconfig */ = {isa = PBXFileReference; lastKnownFileType = text.xcconfig; path = "StripeiOS Tests-Debug.xcconfig"; sourceTree = "<group>"; };
		3D136BDB2EB4494900186DA1 /* StripeiOS Tests-Release.xcconfig */ = {isa = PBXFileReference; lastKnownFileType = text.xcconfig; path = "StripeiOS Tests-Release.xcconfig"; sourceTree = "<group>"; };
		3D136BDC2EB4494900186DA1 /* StripeiOS Tests-Shared.xcconfig */ = {isa = PBXFileReference; lastKnownFileType = text.xcconfig; path = "StripeiOS Tests-Shared.xcconfig"; sourceTree = "<group>"; };
		3D136BDD2EB4494900186DA1 /* StripeiOS-Debug.xcconfig */ = {isa = PBXFileReference; lastKnownFileType = text.xcconfig; path = "StripeiOS-Debug.xcconfig"; sourceTree = "<group>"; };
		3D136BDE2EB4494900186DA1 /* StripeiOS-Release.xcconfig */ = {isa = PBXFileReference; lastKnownFileType = text.xcconfig; path = "StripeiOS-Release.xcconfig"; sourceTree = "<group>"; };
		3D136BDF2EB4494900186DA1 /* StripeiOS-Shared.xcconfig */ = {isa = PBXFileReference; lastKnownFileType = text.xcconfig; path = "StripeiOS-Shared.xcconfig"; sourceTree = "<group>"; };
		3D136BE02EB4494900186DA1 /* Version.xcconfig */ = {isa = PBXFileReference; lastKnownFileType = text.xcconfig; path = Version.xcconfig; sourceTree = "<group>"; };
		A2C3570D2EF33DEA00BE7824 /* StripeCore.framework */ = {isa = PBXFileReference; explicitFileType = wrapper.framework; path = StripeCore.framework; sourceTree = BUILT_PRODUCTS_DIR; };
		A2C3570E2EF33DEA00BE7824 /* StripePayments.framework */ = {isa = PBXFileReference; explicitFileType = wrapper.framework; path = StripePayments.framework; sourceTree = BUILT_PRODUCTS_DIR; };
		A2C3570F2EF33DEA00BE7824 /* StripePaymentsUI.framework */ = {isa = PBXFileReference; explicitFileType = wrapper.framework; path = StripePaymentsUI.framework; sourceTree = BUILT_PRODUCTS_DIR; };
		A2C357102EF33DEA00BE7824 /* StripeUICore.framework */ = {isa = PBXFileReference; explicitFileType = wrapper.framework; path = StripeUICore.framework; sourceTree = BUILT_PRODUCTS_DIR; };
		A2C357282EF35CE700BE7824 /* StripeCoreTestUtils.framework */ = {isa = PBXFileReference; explicitFileType = wrapper.framework; path = StripeCoreTestUtils.framework; sourceTree = BUILT_PRODUCTS_DIR; };
		A2C3572C2EF35D7500BE7824 /* XCTest.framework */ = {isa = PBXFileReference; lastKnownFileType = wrapper.framework; name = XCTest.framework; path = Platforms/iPhoneOS.platform/Developer/Library/Frameworks/XCTest.framework; sourceTree = DEVELOPER_DIR; };
		A2C357302EF35FEC00BE7824 /* StripePaymentsObjcTestUtils.framework */ = {isa = PBXFileReference; explicitFileType = wrapper.framework; path = StripePaymentsObjcTestUtils.framework; sourceTree = BUILT_PRODUCTS_DIR; };
		A2C357372EF3616600BE7824 /* StripeCore.framework */ = {isa = PBXFileReference; explicitFileType = wrapper.framework; path = StripeCore.framework; sourceTree = BUILT_PRODUCTS_DIR; };
/* End PBXFileReference section */

/* Begin PBXFileSystemSynchronizedBuildFileExceptionSet section */
		3D8CA9FA2EB5733B001E9D0F /* Exceptions for "StripeIssuing" folder in "StripeIssuing" target */ = {
			isa = PBXFileSystemSynchronizedBuildFileExceptionSet;
			publicHeaders = (
				StripeIssuing.h,
			);
			target = 3D136BB92EB4493500186DA1 /* StripeIssuing */;
		};
/* End PBXFileSystemSynchronizedBuildFileExceptionSet section */

/* Begin PBXFileSystemSynchronizedRootGroup section */
		3D136BBC2EB4493500186DA1 /* StripeIssuing */ = {
			isa = PBXFileSystemSynchronizedRootGroup;
			exceptions = (
				3D8CA9FA2EB5733B001E9D0F /* Exceptions for "StripeIssuing" folder in "StripeIssuing" target */,
			);
			path = StripeIssuing;
			sourceTree = "<group>";
		};
		3D136BC92EB4493500186DA1 /* StripeIssuingTests */ = {
			isa = PBXFileSystemSynchronizedRootGroup;
			path = StripeIssuingTests;
			sourceTree = "<group>";
		};
/* End PBXFileSystemSynchronizedRootGroup section */

/* Begin PBXFrameworksBuildPhase section */
		3D136BB72EB4493500186DA1 /* Frameworks */ = {
			isa = PBXFrameworksBuildPhase;
			buildActionMask = 2147483647;
			files = (
				A2C357152EF33DEA00BE7824 /* StripePaymentsUI.framework in Frameworks */,
				A2C357132EF33DEA00BE7824 /* StripePayments.framework in Frameworks */,
				A2C357112EF33DEA00BE7824 /* StripeCore.framework in Frameworks */,
			);
			runOnlyForDeploymentPostprocessing = 0;
		};
		3D136BC22EB4493500186DA1 /* Frameworks */ = {
			isa = PBXFrameworksBuildPhase;
			buildActionMask = 2147483647;
			files = (
				A2C357312EF35FEC00BE7824 /* StripePaymentsObjcTestUtils.framework in Frameworks */,
				A2C357382EF3616600BE7824 /* StripeCore.framework in Frameworks */,
				A2C357292EF35CE700BE7824 /* StripeCoreTestUtils.framework in Frameworks */,
				A2C3572D2EF35D7500BE7824 /* XCTest.framework in Frameworks */,
				3D136BC62EB4493500186DA1 /* StripeIssuing.framework in Frameworks */,
			);
			runOnlyForDeploymentPostprocessing = 0;
		};
/* End PBXFrameworksBuildPhase section */

/* Begin PBXGroup section */
		3D136BB02EB4493500186DA1 = {
			isa = PBXGroup;
			children = (
				315E63692EE8F1C70003E9D1 /* StripeIssuingTests.xctestplan */,
				3D136BE12EB4494900186DA1 /* BuildConfigurations */,
				3D136BBC2EB4493500186DA1 /* StripeIssuing */,
				3D136BC92EB4493500186DA1 /* StripeIssuingTests */,
				A2C3570C2EF33DEA00BE7824 /* Frameworks */,
				3D136BBB2EB4493500186DA1 /* Products */,
			);
			sourceTree = "<group>";
		};
		3D136BBB2EB4493500186DA1 /* Products */ = {
			isa = PBXGroup;
			children = (
				3D136BBA2EB4493500186DA1 /* StripeIssuing.framework */,
				3D136BC52EB4493500186DA1 /* StripeIssuingTests.xctest */,
			);
			name = Products;
			sourceTree = "<group>";
		};
		3D136BE12EB4494900186DA1 /* BuildConfigurations */ = {
			isa = PBXGroup;
			children = (
				3D136BD72EB4494900186DA1 /* Project-Debug.xcconfig */,
				3D136BD82EB4494900186DA1 /* Project-Release.xcconfig */,
				3D136BD92EB4494900186DA1 /* Project-Shared.xcconfig */,
				3D136BDA2EB4494900186DA1 /* StripeiOS Tests-Debug.xcconfig */,
				3D136BDB2EB4494900186DA1 /* StripeiOS Tests-Release.xcconfig */,
				3D136BDC2EB4494900186DA1 /* StripeiOS Tests-Shared.xcconfig */,
				3D136BDD2EB4494900186DA1 /* StripeiOS-Debug.xcconfig */,
				3D136BDE2EB4494900186DA1 /* StripeiOS-Release.xcconfig */,
				3D136BDF2EB4494900186DA1 /* StripeiOS-Shared.xcconfig */,
				3D136BE02EB4494900186DA1 /* Version.xcconfig */,
			);
			name = BuildConfigurations;
			path = ../BuildConfigurations;
			sourceTree = SOURCE_ROOT;
		};
		A2C3570C2EF33DEA00BE7824 /* Frameworks */ = {
			isa = PBXGroup;
			children = (
				A2C357372EF3616600BE7824 /* StripeCore.framework */,
				A2C357302EF35FEC00BE7824 /* StripePaymentsObjcTestUtils.framework */,
				A2C3572C2EF35D7500BE7824 /* XCTest.framework */,
				A2C357282EF35CE700BE7824 /* StripeCoreTestUtils.framework */,
				A2C3570D2EF33DEA00BE7824 /* StripeCore.framework */,
				A2C3570E2EF33DEA00BE7824 /* StripePayments.framework */,
				A2C3570F2EF33DEA00BE7824 /* StripePaymentsUI.framework */,
				A2C357102EF33DEA00BE7824 /* StripeUICore.framework */,
			);
			name = Frameworks;
			sourceTree = "<group>";
		};
/* End PBXGroup section */

/* Begin PBXHeadersBuildPhase section */
		3D136BB52EB4493500186DA1 /* Headers */ = {
			isa = PBXHeadersBuildPhase;
			buildActionMask = 2147483647;
			files = (
			);
			runOnlyForDeploymentPostprocessing = 0;
		};
/* End PBXHeadersBuildPhase section */

/* Begin PBXNativeTarget section */
		3D136BB92EB4493500186DA1 /* StripeIssuing */ = {
			isa = PBXNativeTarget;
			buildConfigurationList = 3D136BCE2EB4493500186DA1 /* Build configuration list for PBXNativeTarget "StripeIssuing" */;
			buildPhases = (
				3D136BB52EB4493500186DA1 /* Headers */,
				3D136BB62EB4493500186DA1 /* Sources */,
				3D136BB72EB4493500186DA1 /* Frameworks */,
				3D136BB82EB4493500186DA1 /* Resources */,
			);
			buildRules = (
			);
			dependencies = (
			);
			fileSystemSynchronizedGroups = (
				3D136BBC2EB4493500186DA1 /* StripeIssuing */,
			);
			name = StripeIssuing;
			packageProductDependencies = (
			);
			productName = StripeIssuing;
			productReference = 3D136BBA2EB4493500186DA1 /* StripeIssuing.framework */;
			productType = "com.apple.product-type.framework";
		};
		3D136BC42EB4493500186DA1 /* StripeIssuingTests */ = {
			isa = PBXNativeTarget;
			buildConfigurationList = 3D136BD12EB4493500186DA1 /* Build configuration list for PBXNativeTarget "StripeIssuingTests" */;
			buildPhases = (
				3D136BC12EB4493500186DA1 /* Sources */,
				3D136BC22EB4493500186DA1 /* Frameworks */,
				3D136BC32EB4493500186DA1 /* Resources */,
				A2C3572F2EF35D7500BE7824 /* Embed Frameworks */,
			);
			buildRules = (
			);
			dependencies = (
				3D136BC82EB4493500186DA1 /* PBXTargetDependency */,
			);
			fileSystemSynchronizedGroups = (
				3D136BC92EB4493500186DA1 /* StripeIssuingTests */,
			);
			name = StripeIssuingTests;
			packageProductDependencies = (
			);
			productName = StripeIssuingTests;
			productReference = 3D136BC52EB4493500186DA1 /* StripeIssuingTests.xctest */;
			productType = "com.apple.product-type.bundle.unit-test";
		};
/* End PBXNativeTarget section */

/* Begin PBXProject section */
		3D136BB12EB4493500186DA1 /* Project object */ = {
			isa = PBXProject;
			attributes = {
				BuildIndependentTargetsInParallel = 1;
				LastSwiftUpdateCheck = 2600;
				LastUpgradeCheck = 2600;
				TargetAttributes = {
					3D136BB92EB4493500186DA1 = {
						CreatedOnToolsVersion = 26.0;
					};
					3D136BC42EB4493500186DA1 = {
						CreatedOnToolsVersion = 26.0;
					};
				};
			};
			buildConfigurationList = 3D136BB42EB4493500186DA1 /* Build configuration list for PBXProject "StripeIssuing" */;
			developmentRegion = en;
			hasScannedForEncodings = 0;
			knownRegions = (
				en,
				Base,
				de,
				"lt-LT",
				"zh-Hans",
				ja,
				"el-GR",
				"ms-MY",
				"zh-HK",
				mt,
				nb,
				"ca-ES",
				"en-GB",
				es,
				da,
				"es-419",
				it,
				"fr-CA",
				"bg-BG",
				sv,
				ko,
				fil,
				"zh-Hant",
				"ro-RO",
				hu,
				tr,
				"et-EE",
				"pt-BR",
				"lv-LV",
				vi,
				ru,
				"cs-CZ",
				"sk-SK",
				"sl-SI",
				fr,
				fi,
				id,
				nl,
				th,
				"pl-PL",
				"pt-PT",
				hr,
			);
			mainGroup = 3D136BB02EB4493500186DA1;
			minimizedProjectReferenceProxies = 1;
			preferredProjectObjectVersion = 77;
			productRefGroup = 3D136BBB2EB4493500186DA1 /* Products */;
			projectDirPath = "";
			projectRoot = "";
			targets = (
				3D136BB92EB4493500186DA1 /* StripeIssuing */,
				3D136BC42EB4493500186DA1 /* StripeIssuingTests */,
			);
		};
/* End PBXProject section */

/* Begin PBXResourcesBuildPhase section */
		3D136BB82EB4493500186DA1 /* Resources */ = {
			isa = PBXResourcesBuildPhase;
			buildActionMask = 2147483647;
			files = (
				3D136BE22EB4494900186DA1 /* StripeiOS Tests-Shared.xcconfig in Resources */,
				3D136BE32EB4494900186DA1 /* StripeiOS Tests-Debug.xcconfig in Resources */,
				3D136BE42EB4494900186DA1 /* Project-Debug.xcconfig in Resources */,
				3D136BE52EB4494900186DA1 /* StripeiOS-Shared.xcconfig in Resources */,
				3D136BE62EB4494900186DA1 /* Project-Release.xcconfig in Resources */,
				3D136BE72EB4494900186DA1 /* StripeiOS-Release.xcconfig in Resources */,
				3D136BE82EB4494900186DA1 /* StripeiOS-Debug.xcconfig in Resources */,
				3D136BE92EB4494900186DA1 /* StripeiOS Tests-Release.xcconfig in Resources */,
				3D136BEA2EB4494900186DA1 /* Version.xcconfig in Resources */,
				3D136BEB2EB4494900186DA1 /* Project-Shared.xcconfig in Resources */,
			);
			runOnlyForDeploymentPostprocessing = 0;
		};
		3D136BC32EB4493500186DA1 /* Resources */ = {
			isa = PBXResourcesBuildPhase;
			buildActionMask = 2147483647;
			files = (
			);
			runOnlyForDeploymentPostprocessing = 0;
		};
/* End PBXResourcesBuildPhase section */

/* Begin PBXSourcesBuildPhase section */
		3D136BB62EB4493500186DA1 /* Sources */ = {
			isa = PBXSourcesBuildPhase;
			buildActionMask = 2147483647;
			files = (
			);
			runOnlyForDeploymentPostprocessing = 0;
		};
		3D136BC12EB4493500186DA1 /* Sources */ = {
			isa = PBXSourcesBuildPhase;
			buildActionMask = 2147483647;
			files = (
			);
			runOnlyForDeploymentPostprocessing = 0;
		};
/* End PBXSourcesBuildPhase section */

/* Begin PBXTargetDependency section */
		3D136BC82EB4493500186DA1 /* PBXTargetDependency */ = {
			isa = PBXTargetDependency;
			target = 3D136BB92EB4493500186DA1 /* StripeIssuing */;
			targetProxy = 3D136BC72EB4493500186DA1 /* PBXContainerItemProxy */;
		};
/* End PBXTargetDependency section */

/* Begin XCBuildConfiguration section */
		3D136BCC2EB4493500186DA1 /* Debug */ = {
			isa = XCBuildConfiguration;
			baseConfigurationReference = 3D136BD72EB4494900186DA1 /* Project-Debug.xcconfig */;
			buildSettings = {
				ASSETCATALOG_COMPILER_GENERATE_SWIFT_ASSET_SYMBOL_EXTENSIONS = YES;
				ENABLE_USER_SCRIPT_SANDBOXING = YES;
				GCC_PREPROCESSOR_DEFINITIONS = (
					"DEBUG=1",
					"$(inherited)",
				);
				LOCALIZATION_PREFERS_STRING_CATALOGS = YES;
			};
			name = Debug;
		};
		3D136BCD2EB4493500186DA1 /* Release */ = {
			isa = XCBuildConfiguration;
			baseConfigurationReference = 3D136BD82EB4494900186DA1 /* Project-Release.xcconfig */;
			buildSettings = {
				ASSETCATALOG_COMPILER_GENERATE_SWIFT_ASSET_SYMBOL_EXTENSIONS = YES;
				ENABLE_USER_SCRIPT_SANDBOXING = YES;
				LOCALIZATION_PREFERS_STRING_CATALOGS = YES;
			};
			name = Release;
		};
		3D136BCF2EB4493500186DA1 /* Debug */ = {
			isa = XCBuildConfiguration;
			baseConfigurationReference = 3D136BDD2EB4494900186DA1 /* StripeiOS-Debug.xcconfig */;
			buildSettings = {
				CODE_SIGN_IDENTITY = "Apple Development";
				CODE_SIGN_STYLE = Manual;
				DEVELOPMENT_TEAM = "";
				ENABLE_MODULE_VERIFIER = YES;
				ENABLE_TESTING_SEARCH_PATHS = YES;
				GENERATE_INFOPLIST_FILE = YES;
				INFOPLIST_FILE = "";
				INFOPLIST_KEY_NSHumanReadableCopyright = "";
				LD_RUNPATH_SEARCH_PATHS = (
					"$(inherited)",
					"@executable_path/Frameworks",
					"@loader_path/Frameworks",
				);
				MARKETING_VERSION = 1.0;
				MODULE_VERIFIER_SUPPORTED_LANGUAGES = "objective-c objective-c++";
				MODULE_VERIFIER_SUPPORTED_LANGUAGE_STANDARDS = "gnu17 gnu++20";
				PRODUCT_BUNDLE_IDENTIFIER = "com.stripe.stripe-issuing-push-provision";
				PRODUCT_NAME = "$(TARGET_NAME:c99extidentifier)";
				PROVISIONING_PROFILE_SPECIFIER = "";
				STRING_CATALOG_GENERATE_SYMBOLS = YES;
				SWIFT_APPROACHABLE_CONCURRENCY = YES;
				SWIFT_EMIT_LOC_STRINGS = YES;
				SWIFT_INSTALL_MODULE = YES;
				SWIFT_INSTALL_OBJC_HEADER = NO;
				SWIFT_UPCOMING_FEATURE_MEMBER_IMPORT_VISIBILITY = YES;
			};
			name = Debug;
		};
		3D136BD02EB4493500186DA1 /* Release */ = {
			isa = XCBuildConfiguration;
			baseConfigurationReference = 3D136BDE2EB4494900186DA1 /* StripeiOS-Release.xcconfig */;
			buildSettings = {
				CODE_SIGN_IDENTITY = "Apple Development";
				CODE_SIGN_STYLE = Manual;
				DEVELOPMENT_TEAM = "";
				ENABLE_MODULE_VERIFIER = YES;
				ENABLE_TESTING_SEARCH_PATHS = YES;
				GENERATE_INFOPLIST_FILE = YES;
				INFOPLIST_FILE = "";
				INFOPLIST_KEY_NSHumanReadableCopyright = "";
				LD_RUNPATH_SEARCH_PATHS = (
					"$(inherited)",
					"@executable_path/Frameworks",
					"@loader_path/Frameworks",
				);
				MARKETING_VERSION = 1.0;
				MODULE_VERIFIER_SUPPORTED_LANGUAGES = "objective-c objective-c++";
				MODULE_VERIFIER_SUPPORTED_LANGUAGE_STANDARDS = "gnu17 gnu++20";
				PRODUCT_BUNDLE_IDENTIFIER = "com.stripe.stripe-issuing-push-provision";
				PRODUCT_NAME = "$(TARGET_NAME:c99extidentifier)";
				PROVISIONING_PROFILE_SPECIFIER = "";
				STRING_CATALOG_GENERATE_SYMBOLS = YES;
				SWIFT_APPROACHABLE_CONCURRENCY = YES;
				SWIFT_EMIT_LOC_STRINGS = YES;
				SWIFT_INSTALL_MODULE = YES;
				SWIFT_INSTALL_OBJC_HEADER = NO;
				SWIFT_UPCOMING_FEATURE_MEMBER_IMPORT_VISIBILITY = YES;
			};
			name = Release;
		};
		3D136BD22EB4493500186DA1 /* Debug */ = {
			isa = XCBuildConfiguration;
			baseConfigurationReference = 3D136BDA2EB4494900186DA1 /* StripeiOS Tests-Debug.xcconfig */;
			buildSettings = {
				CODE_SIGN_IDENTITY = "Apple Development";
				CODE_SIGN_STYLE = Automatic;
				DEVELOPMENT_TEAM = "";
				GENERATE_INFOPLIST_FILE = YES;
				MARKETING_VERSION = 1.0;
				PRODUCT_BUNDLE_IDENTIFIER = com.stripe.StripeIssuingTests;
				PRODUCT_NAME = "$(TARGET_NAME)";
				PROVISIONING_PROFILE_SPECIFIER = "";
				STRING_CATALOG_GENERATE_SYMBOLS = NO;
				SWIFT_APPROACHABLE_CONCURRENCY = YES;
				SWIFT_EMIT_LOC_STRINGS = NO;
				SWIFT_UPCOMING_FEATURE_MEMBER_IMPORT_VISIBILITY = YES;
			};
			name = Debug;
		};
		3D136BD32EB4493500186DA1 /* Release */ = {
			isa = XCBuildConfiguration;
			baseConfigurationReference = 3D136BDB2EB4494900186DA1 /* StripeiOS Tests-Release.xcconfig */;
			buildSettings = {
				CODE_SIGN_IDENTITY = "Apple Development";
				CODE_SIGN_STYLE = Automatic;
				DEVELOPMENT_TEAM = "";
				GENERATE_INFOPLIST_FILE = YES;
				MARKETING_VERSION = 1.0;
				PRODUCT_BUNDLE_IDENTIFIER = com.stripe.StripeIssuingTests;
				PRODUCT_NAME = "$(TARGET_NAME)";
				PROVISIONING_PROFILE_SPECIFIER = "";
				STRING_CATALOG_GENERATE_SYMBOLS = NO;
				SWIFT_APPROACHABLE_CONCURRENCY = YES;
				SWIFT_EMIT_LOC_STRINGS = NO;
				SWIFT_UPCOMING_FEATURE_MEMBER_IMPORT_VISIBILITY = YES;
			};
			name = Release;
		};
/* End XCBuildConfiguration section */

/* Begin XCConfigurationList section */
		3D136BB42EB4493500186DA1 /* Build configuration list for PBXProject "StripeIssuing" */ = {
			isa = XCConfigurationList;
			buildConfigurations = (
				3D136BCC2EB4493500186DA1 /* Debug */,
				3D136BCD2EB4493500186DA1 /* Release */,
			);
			defaultConfigurationIsVisible = 0;
			defaultConfigurationName = Release;
		};
		3D136BCE2EB4493500186DA1 /* Build configuration list for PBXNativeTarget "StripeIssuing" */ = {
			isa = XCConfigurationList;
			buildConfigurations = (
				3D136BCF2EB4493500186DA1 /* Debug */,
				3D136BD02EB4493500186DA1 /* Release */,
			);
			defaultConfigurationIsVisible = 0;
			defaultConfigurationName = Release;
		};
		3D136BD12EB4493500186DA1 /* Build configuration list for PBXNativeTarget "StripeIssuingTests" */ = {
			isa = XCConfigurationList;
			buildConfigurations = (
				3D136BD22EB4493500186DA1 /* Debug */,
				3D136BD32EB4493500186DA1 /* Release */,
			);
			defaultConfigurationIsVisible = 0;
			defaultConfigurationName = Release;
		};
/* End XCConfigurationList section */
	};
	rootObject = 3D136BB12EB4493500186DA1 /* Project object */;
}
